
Microsoft Visual Studio Solution File, Format Version 12.00
# Visual Studio Version 17
VisualStudioVersion = 17.5.33516.290
MinimumVisualStudioVersion = 10.0.40219.1
Project("{FAE04EC0-301F-11D3-BF4B-00C04F79EFBC}") = "BulkyWeb", "BulkyWeb\BulkyWeb.csproj", "{4717CCEB-C202-492E-B05B-68AA0B745674}"
EndProject
Global
	GlobalSection(SolutionConfigurationPlatforms) = preSolution
		Debug|Any CPU = Debug|Any CPU
		Release|Any CPU = Release|Any CPU
	EndGlobalSection
	GlobalSection(ProjectConfigurationPlatforms) = postSolution
		{4717CCEB-C202-492E-B05B-68AA0B745674}.Debug|Any CPU.ActiveCfg = Debug|Any CPU
		{4717CCEB-C202-492E-B05B-68AA0B745674}.Debug|Any CPU.Build.0 = Debug|Any CPU
		{4717CCEB-C202-492E-B05B-68AA0B745674}.Release|Any CPU.ActiveCfg = Release|Any CPU
		{4717CCEB-C202-492E-B05B-68AA0B745674}.Release|Any CPU.Build.0 = Release|Any CPU
	EndGlobalSection
	GlobalSection(SolutionProperties) = preSolution
		HideSolutionNode = FALSE
	EndGlobalSection
	GlobalSection(ExtensibilityGlobals) = postSolution
		SolutionGuid = {6954DF3B-B4F2-44E0-9023-55C2F8F37397}
	EndGlobalSection
EndGlobal
